PODS:
  - Masonry (1.1.0)
  - UITextView-Kuah (0.3)

DEPENDENCIES:
  - Masonry
  - UITextView-Kuah (~> 0.3)

SPEC CHECKSUMS:
  Masonry: 678fab65091a9290e40e2832a55e7ab731aad201
  UITextView-Kuah: d4e208db9b2bf5491e3526cde1b376ff3811f90a

PODFILE CHECKSUM: 2cd84e4f609c257c430a0c933c0a2ad59d30e134

COCOAPODS: 1.3.0.beta.2
